{
  "version": 4,
  "terraform_version": "1.10.3",
  "serial": 19,
  "lineage": "c10562da-92a7-217c-c125-802faa2b3402",
  "outputs": {
    "iam_groups": {
      "value": {
        "Administrators": {
          "arn": "arn:aws:iam::262790923155:group/Administrators",
          "id": "Administrators",
          "name": "Administrators"
        },
        "Developers": {
          "arn": "arn:aws:iam::262790923155:group/Developers",
          "id": "Developers",
          "name": "Developers"
        },
        "JuniorDevelopers": {
          "arn": "arn:aws:iam::262790923155:group/JuniorDevelopers",
          "id": "JuniorDevelopers",
          "name": "JuniorDevelopers"
        }
      },
      "type": [
        "object",
        {
          "Administrators": [
            "object",
            {
              "arn": "string",
              "id": "string",
              "name": "string"
            }
          ],
          "Developers": [
            "object",
            {
              "arn": "string",
              "id": "string",
              "name": "string"
            }
          ],
          "JuniorDevelopers": [
            "object",
            {
              "arn": "string",
              "id": "string",
              "name": "string"
            }
          ]
        }
      ]
    },
    "iam_policies": {
      "value": {
        "CustomS3BucketAccess": {
          "arn": "arn:aws:iam::262790923155:policy/CustomS3BucketAccess",
          "id": "arn:aws:iam::262790923155:policy/CustomS3BucketAccess",
          "name": "CustomS3BucketAccess",
          "tags": {}
        }
      },
      "type": [
        "object",
        {
          "CustomS3BucketAccess": [
            "object",
            {
              "arn": "string",
              "id": "string",
              "name": "string",
              "tags": [
                "map",
                "string"
              ]
            }
          ]
        }
      ]
    },
    "iam_roles": {
      "value": {
        "EC2ServiceRole": {
          "arn": "arn:aws:iam::262790923155:role/EC2ServiceRole",
          "id": "EC2ServiceRole",
          "name": "EC2ServiceRole",
          "unique_id": "AROAT2L4PIOJ5WKG3RQLJ"
        }
      },
      "type": [
        "object",
        {
          "EC2ServiceRole": [
            "object",
            {
              "arn": "string",
              "id": "string",
              "name": "string",
              "unique_id": "string"
            }
          ]
        }
      ]
    },
    "iam_users": {
      "value": {
        "testdeveloper": {
          "arn": "arn:aws:iam::262790923155:user/testdeveloper",
          "id": "testdeveloper",
          "name": "testdeveloper",
          "unique_id": "AIDAT2L4PIOJ2UKKGQBYV"
        }
      },
      "type": [
        "object",
        {
          "testdeveloper": [
            "object",
            {
              "arn": "string",
              "id": "string",
              "name": "string",
              "unique_id": "string"
            }
          ]
        }
      ]
    }
  },
  "resources": [
    {
      "module": "module.iam_groups",
      "mode": "managed",
      "type": "aws_iam_group",
      "name": "this",
      "provider": "provider[\"registry.terraform.io/hashicorp/aws\"]",
      "instances": [
        {
          "index_key": "Administrators",
          "schema_version": 0,
          "attributes": {
            "arn": "arn:aws:iam::262790923155:group/Administrators",
            "id": "Administrators",
            "name": "Administrators",
            "path": "/",
            "unique_id": "AGPAT2L4PIOJTV5ZW4ZC4"
          },
          "sensitive_attributes": [],
          "private": "bnVsbA==",
          "dependencies": [
            "module.iam_policies.aws_iam_policy.this"
          ]
        },
        {
          "index_key": "Developers",
          "schema_version": 0,
          "attributes": {
            "arn": "arn:aws:iam::262790923155:group/Developers",
            "id": "Developers",
            "name": "Developers",
            "path": "/",
            "unique_id": "AGPAT2L4PIOJ3ZV4HQT3M"
          },
          "sensitive_attributes": [],
          "private": "bnVsbA==",
          "dependencies": [
            "module.iam_policies.aws_iam_policy.this"
          ]
        },
        {
          "index_key": "JuniorDevelopers",
          "schema_version": 0,
          "attributes": {
            "arn": "arn:aws:iam::262790923155:group/JuniorDevelopers",
            "id": "JuniorDevelopers",
            "name": "JuniorDevelopers",
            "path": "/",
            "unique_id": "AGPAT2L4PIOJ365LL7EHB"
          },
          "sensitive_attributes": [],
          "private": "bnVsbA==",
          "dependencies": [
            "module.iam_policies.aws_iam_policy.this"
          ]
        }
      ]
    },
    {
      "module": "module.iam_groups",
      "mode": "managed",
      "type": "aws_iam_group_policy_attachment",
      "name": "this",
      "provider": "provider[\"registry.terraform.io/hashicorp/aws\"]",
      "instances": [
        {
          "index_key": "Administrators-0",
          "schema_version": 0,
          "attributes": {
            "group": "Administrators",
            "id": "Administrators-20250412114145329600000001",
            "policy_arn": "arn:aws:iam::aws:policy/AdministratorAccess"
          },
          "sensitive_attributes": [],
          "private": "bnVsbA==",
          "dependencies": [
            "module.iam_groups.aws_iam_group.this",
            "module.iam_policies.aws_iam_policy.this"
          ]
        },
        {
          "index_key": "Developers-0",
          "schema_version": 0,
          "attributes": {
            "group": "Developers",
            "id": "Developers-20250412114145344200000003",
            "policy_arn": "arn:aws:iam::aws:policy/PowerUserAccess"
          },
          "sensitive_attributes": [],
          "private": "bnVsbA==",
          "dependencies": [
            "module.iam_groups.aws_iam_group.this",
            "module.iam_policies.aws_iam_policy.this"
          ]
        },
        {
          "index_key": "JuniorDevelopers-0",
          "schema_version": 0,
          "attributes": {
            "group": "JuniorDevelopers",
            "id": "JuniorDevelopers-20250412114145331300000002",
            "policy_arn": "arn:aws:iam::aws:policy/ReadOnlyAccess"
          },
          "sensitive_attributes": [],
          "private": "bnVsbA==",
          "dependencies": [
            "module.iam_groups.aws_iam_group.this",
            "module.iam_policies.aws_iam_policy.this"
          ]
        }
      ]
    },
    {
      "module": "module.iam_policies",
      "mode": "managed",
      "type": "aws_iam_policy",
      "name": "this",
      "provider": "provider[\"registry.terraform.io/hashicorp/aws\"]",
      "instances": [
        {
          "index_key": "CustomS3BucketAccess",
          "schema_version": 0,
          "attributes": {
            "arn": "arn:aws:iam::262790923155:policy/CustomS3BucketAccess",
            "attachment_count": 0,
            "description": "Access permissions for specific S3 buckets",
            "id": "arn:aws:iam::262790923155:policy/CustomS3BucketAccess",
            "name": "CustomS3BucketAccess",
            "name_prefix": "",
            "path": "/",
            "policy": "{\"Statement\":[{\"Action\":[\"s3:GetObject\",\"s3:ListBucket\"],\"Effect\":\"Allow\",\"Resource\":[\"arn:aws:s3:::company-bucket\",\"arn:aws:s3:::company-bucket/*\"]}],\"Version\":\"2012-10-17\"}",
            "policy_id": "ANPAT2L4PIOJST4BMF3NA",
            "tags": {},
            "tags_all": {
              "Environment": "Development",
              "ManagedBy": "Terraform",
              "Project": "IAM-Management"
            }
          },
          "sensitive_attributes": [],
          "private": "bnVsbA=="
        }
      ]
    },
    {
      "module": "module.iam_roles",
      "mode": "managed",
      "type": "aws_iam_role",
      "name": "this",
      "provider": "provider[\"registry.terraform.io/hashicorp/aws\"]",
      "instances": [
        {
          "index_key": "EC2ServiceRole",
          "schema_version": 0,
          "attributes": {
            "arn": "arn:aws:iam::262790923155:role/EC2ServiceRole",
            "assume_role_policy": "{\"Statement\":[{\"Action\":\"sts:AssumeRole\",\"Effect\":\"Allow\",\"Principal\":{\"Service\":\"ec2.amazonaws.com\"}}],\"Version\":\"2012-10-17\"}",
            "create_date": "2025-04-12T12:34:16Z",
            "description": "Role for EC2 service to use",
            "force_detach_policies": false,
            "id": "EC2ServiceRole",
            "inline_policy": [
              {
                "name": "EC2AdditionalPermissions",
                "policy": "{\"Version\":\"2012-10-17\",\"Statement\":[{\"Action\":[\"ec2:DescribeInstances\",\"ec2:DescribeTags\"],\"Effect\":\"Allow\",\"Resource\":\"*\"}]}"
              }
            ],
            "managed_policy_arns": [
              "arn:aws:iam::aws:policy/AmazonS3ReadOnlyAccess"
            ],
            "max_session_duration": 3600,
            "name": "EC2ServiceRole",
            "name_prefix": "",
            "path": "/",
            "permissions_boundary": "",
            "tags": {},
            "tags_all": {
              "Environment": "Development",
              "ManagedBy": "Terraform",
              "Project": "IAM-Management"
            },
            "unique_id": "AROAT2L4PIOJ5WKG3RQLJ"
          },
          "sensitive_attributes": [],
          "private": "bnVsbA==",
          "dependencies": [
            "module.iam_policies.aws_iam_policy.this"
          ]
        }
      ]
    },
    {
      "module": "module.iam_roles",
      "mode": "managed",
      "type": "aws_iam_role_policy",
      "name": "this",
      "provider": "provider[\"registry.terraform.io/hashicorp/aws\"]",
      "instances": [
        {
          "index_key": "EC2ServiceRole-CustomS3Access",
          "schema_version": 0,
          "attributes": {
            "id": "EC2ServiceRole:CustomS3Access",
            "name": "CustomS3Access",
            "name_prefix": "",
            "policy": "{\"Version\":\"2012-10-17\",\"Statement\":[{\"Action\":[\"s3:GetObject\",\"s3:ListBucket\"],\"Effect\":\"Allow\",\"Resource\":[\"arn:aws:s3:::company-bucket\",\"arn:aws:s3:::company-bucket/*\"]}]}",
            "role": "EC2ServiceRole"
          },
          "sensitive_attributes": [],
          "private": "bnVsbA==",
          "dependencies": [
            "module.iam_policies.aws_iam_policy.this",
            "module.iam_roles.aws_iam_role.this"
          ]
        },
        {
          "index_key": "EC2ServiceRole-EC2AdditionalPermissions",
          "schema_version": 0,
          "attributes": {
            "id": "EC2ServiceRole:EC2AdditionalPermissions",
            "name": "EC2AdditionalPermissions",
            "name_prefix": "",
            "policy": "{\"Version\":\"2012-10-17\",\"Statement\":[{\"Action\":[\"ec2:DescribeInstances\",\"ec2:DescribeTags\"],\"Effect\":\"Allow\",\"Resource\":\"*\"}]}",
            "role": "EC2ServiceRole"
          },
          "sensitive_attributes": [],
          "private": "bnVsbA==",
          "dependencies": [
            "module.iam_policies.aws_iam_policy.this",
            "module.iam_roles.aws_iam_role.this"
          ]
        }
      ]
    },
    {
      "module": "module.iam_roles",
      "mode": "managed",
      "type": "aws_iam_role_policy_attachment",
      "name": "this",
      "provider": "provider[\"registry.terraform.io/hashicorp/aws\"]",
      "instances": [
        {
          "index_key": "EC2ServiceRole-0",
          "schema_version": 0,
          "attributes": {
            "id": "EC2ServiceRole-20250412123417033900000002",
            "policy_arn": "arn:aws:iam::aws:policy/AmazonS3ReadOnlyAccess",
            "role": "EC2ServiceRole"
          },
          "sensitive_attributes": [],
          "private": "bnVsbA==",
          "dependencies": [
            "module.iam_policies.aws_iam_policy.this",
            "module.iam_roles.aws_iam_role.this"
          ]
        }
      ]
    },
    {
      "module": "module.iam_users",
      "mode": "managed",
      "type": "aws_iam_user",
      "name": "this",
      "provider": "provider[\"registry.terraform.io/hashicorp/aws\"]",
      "instances": [
        {
          "index_key": "testdeveloper",
          "schema_version": 0,
          "attributes": {
            "arn": "arn:aws:iam::262790923155:user/testdeveloper",
            "force_destroy": false,
            "id": "testdeveloper",
            "name": "testdeveloper",
            "path": "/",
            "permissions_boundary": "",
            "tags": {},
            "tags_all": {
              "Environment": "Development",
              "ManagedBy": "Terraform",
              "Project": "IAM-Management"
            },
            "unique_id": "AIDAT2L4PIOJ2UKKGQBYV"
          },
          "sensitive_attributes": [],
          "private": "bnVsbA==",
          "dependencies": [
            "module.iam_groups.aws_iam_group.this",
            "module.iam_groups.aws_iam_group_policy_attachment.this",
            "module.iam_policies.aws_iam_policy.this"
          ]
        }
      ]
    },
    {
      "module": "module.iam_users",
      "mode": "managed",
      "type": "aws_iam_user_group_membership",
      "name": "this",
      "provider": "provider[\"registry.terraform.io/hashicorp/aws\"]",
      "instances": [
        {
          "index_key": "testdeveloper",
          "schema_version": 0,
          "attributes": {
            "groups": [
              "Developers"
            ],
            "id": "terraform-20250412123416711500000001",
            "user": "testdeveloper"
          },
          "sensitive_attributes": [],
          "private": "bnVsbA==",
          "dependencies": [
            "module.iam_groups.aws_iam_group.this",
            "module.iam_groups.aws_iam_group_policy_attachment.this",
            "module.iam_policies.aws_iam_policy.this",
            "module.iam_users.aws_iam_user.this"
          ]
        }
      ]
    },
    {
      "module": "module.iam_users",
      "mode": "managed",
      "type": "aws_iam_user_login_profile",
      "name": "this",
      "provider": "provider[\"registry.terraform.io/hashicorp/aws\"]",
      "instances": [
        {
          "index_key": "testdeveloper",
          "schema_version": 0,
          "attributes": {
            "encrypted_password": null,
            "id": "testdeveloper",
            "key_fingerprint": null,
            "password": "-_fobh|Gj5}1Tk0^8t-r",
            "password_length": 20,
            "password_reset_required": true,
            "pgp_key": null,
            "user": "testdeveloper"
          },
          "sensitive_attributes": [
            [
              {
                "type": "get_attr",
                "value": "password"
              }
            ]
          ],
          "private": "bnVsbA==",
          "dependencies": [
            "module.iam_groups.aws_iam_group.this",
            "module.iam_groups.aws_iam_group_policy_attachment.this",
            "module.iam_policies.aws_iam_policy.this",
            "module.iam_users.aws_iam_user.this"
          ]
        }
      ]
    }
  ],
  "check_results": null
}
